// !$*UTF8*$!
{
	archiveVersion = 1;
	classes = {
	};
	objectVersion = 46;
	objects = {

/* Begin PBXBuildFile section */
		7582BEB4C3750765F615C49B /* Pods_testApp.framework in Frameworks */ = {isa = PBXBuildFile; fileRef = A4A348EE1D6D8E640791FF60 /* Pods_testApp.framework */; };
		DF06721B1EE1998C00AD8964 /* AppDelegate.swift in Sources */ = {isa = PBXBuildFile; fileRef = DF06721A1EE1998C00AD8964 /* AppDelegate.swift */; };
		DF0672201EE1998C00AD8964 /* Main.storyboard in Resources */ = {isa = PBXBuildFile; fileRef = DF06721E1EE1998C00AD8964 /* Main.storyboard */; };
		DF0672221EE1998C00AD8964 /* Assets.xcassets in Resources */ = {isa = PBXBuildFile; fileRef = DF0672211EE1998C00AD8964 /* Assets.xcassets */; };
		DF0672251EE1998C00AD8964 /* LaunchScreen.storyboard in Resources */ = {isa = PBXBuildFile; fileRef = DF0672231EE1998C00AD8964 /* LaunchScreen.storyboard */; };
		DF06722D1EE199E300AD8964 /* GoogleService-Info.plist in Resources */ = {isa = PBXBuildFile; fileRef = DF06722C1EE199E300AD8964 /* GoogleService-Info.plist */; };
		DF06722F1EE1AB1800AD8964 /* LogInViewController.swift in Sources */ = {isa = PBXBuildFile; fileRef = DF06722E1EE1AB1800AD8964 /* LogInViewController.swift */; };
		DF0672311EE1ACE600AD8964 /* SignUpViewController.swift in Sources */ = {isa = PBXBuildFile; fileRef = DF0672301EE1ACE600AD8964 /* SignUpViewController.swift */; };
		DF171ADD1EE4A03900E5A0B7 /* UsersViewController.swift in Sources */ = {isa = PBXBuildFile; fileRef = DF171ADC1EE4A03900E5A0B7 /* UsersViewController.swift */; };
		DF171ADF1EE4A08100E5A0B7 /* UserTableViewCell.swift in Sources */ = {isa = PBXBuildFile; fileRef = DF171ADE1EE4A08100E5A0B7 /* UserTableViewCell.swift */; };
		DF171AE11EE4A14300E5A0B7 /* Users.swift in Sources */ = {isa = PBXBuildFile; fileRef = DF171AE01EE4A14300E5A0B7 /* Users.swift */; };
/* End PBXBuildFile section */

/* Begin PBXFileReference section */
		0E79BAB5CF5DC905E779D34F /* Pods-testApp.release.xcconfig */ = {isa = PBXFileReference; includeInIndex = 1; lastKnownFileType = text.xcconfig; name = "Pods-testApp.release.xcconfig"; path = "Pods/Target Support Files/Pods-testApp/Pods-testApp.release.xcconfig"; sourceTree = "<group>"; };
		A35D266CCC4589E48F194DE8 /* Pods-testApp.debug.xcconfig */ = {isa = PBXFileReference; includeInIndex = 1; lastKnownFileType = text.xcconfig; name = "Pods-testApp.debug.xcconfig"; path = "Pods/Target Support Files/Pods-testApp/Pods-testApp.debug.xcconfig"; sourceTree = "<group>"; };
		A4A348EE1D6D8E640791FF60 /* Pods_testApp.framework */ = {isa = PBXFileReference; explicitFileType = wrapper.framework; includeInIndex = 0; path = Pods_testApp.framework; sourceTree = BUILT_PRODUCTS_DIR; };
		DF0672171EE1998C00AD8964 /* testApp.app */ = {isa = PBXFileReference; explicitFileType = wrapper.application; includeInIndex = 0; path = testApp.app; sourceTree = BUILT_PRODUCTS_DIR; };
		DF06721A1EE1998C00AD8964 /* AppDelegate.swift */ = {isa = PBXFileReference; lastKnownFileType = sourcecode.swift; path = AppDelegate.swift; sourceTree = "<group>"; };
		DF06721F1EE1998C00AD8964 /* Base */ = {isa = PBXFileReference; lastKnownFileType = file.storyboard; name = Base; path = Base.lproj/Main.storyboard; sourceTree = "<group>"; };
		DF0672211EE1998C00AD8964 /* Assets.xcassets */ = {isa = PBXFileReference; lastKnownFileType = folder.assetcatalog; path = Assets.xcassets; sourceTree = "<group>"; };
		DF0672241EE1998C00AD8964 /* Base */ = {isa = PBXFileReference; lastKnownFileType = file.storyboard; name = Base; path = Base.lproj/LaunchScreen.storyboard; sourceTree = "<group>"; };
		DF0672261EE1998C00AD8964 /* Info.plist */ = {isa = PBXFileReference; lastKnownFileType = text.plist.xml; path = Info.plist; sourceTree = "<group>"; };
		DF06722C1EE199E300AD8964 /* GoogleService-Info.plist */ = {isa = PBXFileReference; fileEncoding = 4; lastKnownFileType = text.plist.xml; path = "GoogleService-Info.plist"; sourceTree = "<group>"; };
		DF06722E1EE1AB1800AD8964 /* LogInViewController.swift */ = {isa = PBXFileReference; fileEncoding = 4; lastKnownFileType = sourcecode.swift; path = LogInViewController.swift; sourceTree = "<group>"; };
		DF0672301EE1ACE600AD8964 /* SignUpViewController.swift */ = {isa = PBXFileReference; fileEncoding = 4; lastKnownFileType = sourcecode.swift; path = SignUpViewController.swift; sourceTree = "<group>"; };
		DF171ADC1EE4A03900E5A0B7 /* UsersViewController.swift */ = {isa = PBXFileReference; fileEncoding = 4; lastKnownFileType = sourcecode.swift; path = UsersViewController.swift; sourceTree = "<group>"; };
		DF171ADE1EE4A08100E5A0B7 /* UserTableViewCell.swift */ = {isa = PBXFileReference; fileEncoding = 4; lastKnownFileType = sourcecode.swift; path = UserTableViewCell.swift; sourceTree = "<group>"; };
		DF171AE01EE4A14300E5A0B7 /* Users.swift */ = {isa = PBXFileReference; fileEncoding = 4; lastKnownFileType = sourcecode.swift; path = Users.swift; sourceTree = "<group>"; };
/* End PBXFileReference section */

/* Begin PBXFrameworksBuildPhase section */
		DF0672141EE1998C00AD8964 /* Frameworks */ = {
			isa = PBXFrameworksBuildPhase;
			buildActionMask = 2147483647;
			files = (
				7582BEB4C3750765F615C49B /* Pods_testApp.framework in Frameworks */,
			);
			runOnlyForDeploymentPostprocessing = 0;
		};
/* End PBXFrameworksBuildPhase section */

/* Begin PBXGroup section */
		745C1C9C80527274FCEBBB48 /* Pods */ = {
			isa = PBXGroup;
			children = (
				A35D266CCC4589E48F194DE8 /* Pods-testApp.debug.xcconfig */,
				0E79BAB5CF5DC905E779D34F /* Pods-testApp.release.xcconfig */,
			);
			name = Pods;
			sourceTree = "<group>";
		};
		BCB5F7AD2073AF5D1F70FC16 /* Frameworks */ = {
			isa = PBXGroup;
			children = (
				A4A348EE1D6D8E640791FF60 /* Pods_testApp.framework */,
			);
			name = Frameworks;
			sourceTree = "<group>";
		};
		DF06720E1EE1998C00AD8964 = {
			isa = PBXGroup;
			children = (
				DF0672191EE1998C00AD8964 /* testApp */,
				DF0672181EE1998C00AD8964 /* Products */,
				745C1C9C80527274FCEBBB48 /* Pods */,
				BCB5F7AD2073AF5D1F70FC16 /* Frameworks */,
			);
			sourceTree = "<group>";
		};
		DF0672181EE1998C00AD8964 /* Products */ = {
			isa = PBXGroup;
			children = (
				DF0672171EE1998C00AD8964 /* testApp.app */,
			);
			name = Products;
			sourceTree = "<group>";
		};
		DF0672191EE1998C00AD8964 /* testApp */ = {
			isa = PBXGroup;
			children = (
				DF06721A1EE1998C00AD8964 /* AppDelegate.swift */,
				DF06721E1EE1998C00AD8964 /* Main.storyboard */,
				DF0672211EE1998C00AD8964 /* Assets.xcassets */,
				DF0672231EE1998C00AD8964 /* LaunchScreen.storyboard */,
				DF06722C1EE199E300AD8964 /* GoogleService-Info.plist */,
				DF0672261EE1998C00AD8964 /* Info.plist */,
				DF06722E1EE1AB1800AD8964 /* LogInViewController.swift */,
				DF0672301EE1ACE600AD8964 /* SignUpViewController.swift */,
				DF171ADC1EE4A03900E5A0B7 /* UsersViewController.swift */,
				DF171ADE1EE4A08100E5A0B7 /* UserTableViewCell.swift */,
				DF171AE01EE4A14300E5A0B7 /* Users.swift */,
			);
			path = testApp;
			sourceTree = "<group>";
		};
/* End PBXGroup section */

/* Begin PBXNativeTarget section */
		DF0672161EE1998C00AD8964 /* testApp */ = {
			isa = PBXNativeTarget;
			buildConfigurationList = DF0672291EE1998C00AD8964 /* Build configuration list for PBXNativeTarget "testApp" */;
			buildPhases = (
				CA7283C9F20B441FE6A6875D /* [CP] Check Pods Manifest.lock */,
				DF0672131EE1998C00AD8964 /* Sources */,
				DF0672141EE1998C00AD8964 /* Frameworks */,
				DF0672151EE1998C00AD8964 /* Resources */,
				60B6A3D88B3A15F047F6BBEB /* [CP] Embed Pods Frameworks */,
				2811315D51316474E72139FF /* [CP] Copy Pods Resources */,
			);
			buildRules = (
			);
			dependencies = (
			);
			name = testApp;
			productName = testApp;
			productReference = DF0672171EE1998C00AD8964 /* testApp.app */;
			productType = "com.apple.product-type.application";
		};
/* End PBXNativeTarget section */

/* Begin PBXProject section */
		DF06720F1EE1998C00AD8964 /* Project object */ = {
			isa = PBXProject;
			attributes = {
				LastSwiftUpdateCheck = 0820;
				LastUpgradeCheck = 0820;
				ORGANIZATIONNAME = "Yermakov Anton";
				TargetAttributes = {
					DF0672161EE1998C00AD8964 = {
						CreatedOnToolsVersion = 8.2;
						DevelopmentTeam = J4VJ6DKU9Z;
						ProvisioningStyle = Automatic;
					};
				};
			};
			buildConfigurationList = DF0672121EE1998C00AD8964 /* Build configuration list for PBXProject "testApp" */;
			compatibilityVersion = "Xcode 3.2";
			developmentRegion = English;
			hasScannedForEncodings = 0;
			knownRegions = (
				en,
				Base,
			);
			mainGroup = DF06720E1EE1998C00AD8964;
			productRefGroup = DF0672181EE1998C00AD8964 /* Products */;
			projectDirPath = "";
			projectRoot = "";
			targets = (
				DF0672161EE1998C00AD8964 /* testApp */,
			);
		};
/* End PBXProject section */

/* Begin PBXResourcesBuildPhase section */
		DF0672151EE1998C00AD8964 /* Resources */ = {
			isa = PBXResourcesBuildPhase;
			buildActionMask = 2147483647;
			files = (
				DF0672251EE1998C00AD8964 /* LaunchScreen.storyboard in Resources */,
				DF06722D1EE199E300AD8964 /* GoogleService-Info.plist in Resources */,
				DF0672221EE1998C00AD8964 /* Assets.xcassets in Resources */,
				DF0672201EE1998C00AD8964 /* Main.storyboard in Resources */,
			);
			runOnlyForDeploymentPostprocessing = 0;
		};
/* End PBXResourcesBuildPhase section */

/* Begin PBXShellScriptBuildPhase section */
		2811315D51316474E72139FF /* [CP] Copy Pods Resources */ = {
			isa = PBXShellScriptBuildPhase;
			buildActionMask = 2147483647;
			files = (
			);
			inputPaths = (
			);
			name = "[CP] Copy Pods Resources";
			outputPaths = (
			);
			runOnlyForDeploymentPostprocessing = 0;
			shellPath = /bin/sh;
			shellScript = "\"${SRCROOT}/Pods/Target Support Files/Pods-testApp/Pods-testApp-resources.sh\"\n";
			showEnvVarsInLog = 0;
		};
		60B6A3D88B3A15F047F6BBEB /* [CP] Embed Pods Frameworks */ = {
			isa = PBXShellScriptBuildPhase;
			buildActionMask = 2147483647;
			files = (
			);
			inputPaths = (
			);
			name = "[CP] Embed Pods Frameworks";
			outputPaths = (
			);
			runOnlyForDeploymentPostprocessing = 0;
			shellPath = /bin/sh;
			shellScript = "\"${SRCROOT}/Pods/Target Support Files/Pods-testApp/Pods-testApp-frameworks.sh\"\n";
			showEnvVarsInLog = 0;
		};
		CA7283C9F20B441FE6A6875D /* [CP] Check Pods Manifest.lock */ = {
			isa = PBXShellScriptBuildPhase;
			buildActionMask = 2147483647;
			files = (
			);
			inputPaths = (
			);
			name = "[CP] Check Pods Manifest.lock";
			outputPaths = (
			);
			runOnlyForDeploymentPostprocessing = 0;
			shellPath = /bin/sh;
			shellScript = "diff \"${PODS_ROOT}/../Podfile.lock\" \"${PODS_ROOT}/Manifest.lock\" > /dev/null\nif [ $? != 0 ] ; then\n    # print error to STDERR\n    echo \"error: The sandbox is not in sync with the Podfile.lock. Run 'pod install' or update your CocoaPods installation.\" >&2\n    exit 1\nfi\n";
			showEnvVarsInLog = 0;
		};
/* End PBXShellScriptBuildPhase section */

/* Begin PBXSourcesBuildPhase section */
		DF0672131EE1998C00AD8964 /* Sources */ = {
			isa = PBXSourcesBuildPhase;
			buildActionMask = 2147483647;
			files = (
				DF0672311EE1ACE600AD8964 /* SignUpViewController.swift in Sources */,
				DF171ADD1EE4A03900E5A0B7 /* UsersViewController.swift in Sources */,
				DF06722F1EE1AB1800AD8964 /* LogInViewController.swift in Sources */,
				DF06721B1EE1998C00AD8964 /* AppDelegate.swift in Sources */,
				DF171AE11EE4A14300E5A0B7 /* Users.swift in Sources */,
				DF171ADF1EE4A08100E5A0B7 /* UserTableViewCell.swift in Sources */,
			);
			runOnlyForDeploymentPostprocessing = 0;
		};
/* End PBXSourcesBuildPhase section */

/* Begin PBXVariantGroup section */
		DF06721E1EE1998C00AD8964 /* Main.storyboard */ = {
			isa = PBXVariantGroup;
			children = (
				DF06721F1EE1998C00AD8964 /* Base */,
			);
			name = Main.storyboard;
			sourceTree = "<group>";
		};
		DF0672231EE1998C00AD8964 /* LaunchScreen.storyboard */ = {
			isa = PBXVariantGroup;
			children = (
				DF0672241EE1998C00AD8964 /* Base */,
			);
			name = LaunchScreen.storyboard;
			sourceTree = "<group>";
		};
/* End PBXVariantGroup section */

/* Begin XCBuildConfiguration section */
		DF0672271EE1998C00AD8964 /* Debug */ = {
			isa = XCBuildConfiguration;
			buildSettings = {
				ALWAYS_SEARCH_USER_PATHS = NO;
				CLANG_ANALYZER_NONNULL = YES;
				CLANG_CXX_LANGUAGE_STANDARD = "gnu++0x";
				CLANG_CXX_LIBRARY = "libc++";
				CLANG_ENABLE_MODULES = YES;
				CLANG_ENABLE_OBJC_ARC = YES;
				CLANG_WARN_BOOL_CONVERSION = YES;
				CLANG_WARN_CONSTANT_CONVERSION = YES;
				CLANG_WARN_DIRECT_OBJC_ISA_USAGE = YES_ERROR;
				CLANG_WARN_DOCUMENTATION_COMMENTS = YES;
				CLANG_WARN_EMPTY_BODY = YES;
				CLANG_WARN_ENUM_CONVERSION = YES;
				CLANG_WARN_INFINITE_RECURSION = YES;
				CLANG_WARN_INT_CONVERSION = YES;
				CLANG_WARN_OBJC_ROOT_CLASS = YES_ERROR;
				CLANG_WARN_SUSPICIOUS_MOVE = YES;
				CLANG_WARN_UNREACHABLE_CODE = YES;
				CLANG_WARN__DUPLICATE_METHOD_MATCH = YES;
				"CODE_SIGN_IDENTITY[sdk=iphoneos*]" = "iPhone Developer";
				COPY_PHASE_STRIP = NO;
				DEBUG_INFORMATION_FORMAT = dwarf;
				ENABLE_STRICT_OBJC_MSGSEND = YES;
				ENABLE_TESTABILITY = YES;
				GCC_C_LANGUAGE_STANDARD = gnu99;
				GCC_DYNAMIC_NO_PIC = NO;
				GCC_NO_COMMON_BLOCKS = YES;
				GCC_OPTIMIZATION_LEVEL = 0;
				GCC_PREPROCESSOR_DEFINITIONS = (
					"DEBUG=1",
					"$(inherited)",
				);
				GCC_WARN_64_TO_32_BIT_CONVERSION = YES;
				GCC_WARN_ABOUT_RETURN_TYPE = YES_ERROR;
				GCC_WARN_UNDECLARED_SELECTOR = YES;
				GCC_WARN_UNINITIALIZED_AUTOS = YES_AGGRESSIVE;
				GCC_WARN_UNUSED_FUNCTION = YES;
				GCC_WARN_UNUSED_VARIABLE = YES;
				IPHONEOS_DEPLOYMENT_TARGET = 10.2;
				MTL_ENABLE_DEBUG_INFO = YES;
				ONLY_ACTIVE_ARCH = YES;
				SDKROOT = iphoneos;
				SWIFT_ACTIVE_COMPILATION_CONDITIONS = DEBUG;
				SWIFT_OPTIMIZATION_LEVEL = "-Onone";
				TARGETED_DEVICE_FAMILY = "1,2";
			};
			name = Debug;
		};
		DF0672281EE1998C00AD8964 /* Release */ = {
			isa = XCBuildConfiguration;
			buildSettings = {
				ALWAYS_SEARCH_USER_PATHS = NO;
				CLANG_ANALYZER_NONNULL = YES;
				CLANG_CXX_LANGUAGE_STANDARD = "gnu++0x";
				CLANG_CXX_LIBRARY = "libc++";
				CLANG_ENABLE_MODULES = YES;
				CLANG_ENABLE_OBJC_ARC = YES;
				CLANG_WARN_BOOL_CONVERSION = YES;
				CLANG_WARN_CONSTANT_CONVERSION = YES;
				CLANG_WARN_DIRECT_OBJC_ISA_USAGE = YES_ERROR;
				CLANG_WARN_DOCUMENTATION_COMMENTS = YES;
				CLANG_WARN_EMPTY_BODY = YES;
				CLANG_WARN_ENUM_CONVERSION = YES;
				CLANG_WARN_INFINITE_RECURSION = YES;
				CLANG_WARN_INT_CONVERSION = YES;
				CLANG_WARN_OBJC_ROOT_CLASS = YES_ERROR;
				CLANG_WARN_SUSPICIOUS_MOVE = YES;
				CLANG_WARN_UNREACHABLE_CODE = YES;
				CLANG_WARN__DUPLICATE_METHOD_MATCH = YES;
				"CODE_SIGN_IDENTITY[sdk=iphoneos*]" = "iPhone Developer";
				COPY_PHASE_STRIP = NO;
				DEBUG_INFORMATION_FORMAT = "dwarf-with-dsym";
				ENABLE_NS_ASSERTIONS = NO;
				ENABLE_STRICT_OBJC_MSGSEND = YES;
				GCC_C_LANGUAGE_STANDARD = gnu99;
				GCC_NO_COMMON_BLOCKS = YES;
				GCC_WARN_64_TO_32_BIT_CONVERSION = YES;
				GCC_WARN_ABOUT_RETURN_TYPE = YES_ERROR;
				GCC_WARN_UNDECLARED_SELECTOR = YES;
				GCC_WARN_UNINITIALIZED_AUTOS = YES_AGGRESSIVE;
				GCC_WARN_UNUSED_FUNCTION = YES;
				GCC_WARN_UNUSED_VARIABLE = YES;
				IPHONEOS_DEPLOYMENT_TARGET = 10.2;
				MTL_ENABLE_DEBUG_INFO = NO;
				SDKROOT = iphoneos;
				SWIFT_OPTIMIZATION_LEVEL = "-Owholemodule";
				TARGETED_DEVICE_FAMILY = "1,2";
				VALIDATE_PRODUCT = YES;
			};
			name = Release;
		};
		DF06722A1EE1998C00AD8964 /* Debug */ = {
			isa = XCBuildConfiguration;
			baseConfigurationReference = A35D266CCC4589E48F194DE8 /* Pods-testApp.debug.xcconfig */;
			buildSettings = {
				ASSETCATALOG_COMPILER_APPICON_NAME = AppIcon;
				DEVELOPMENT_TEAM = J4VJ6DKU9Z;
				INFOPLIST_FILE = testApp/Info.plist;
				LD_RUNPATH_SEARCH_PATHS = "$(inherited) @executable_path/Frameworks";
				PRODUCT_BUNDLE_IDENTIFIER = "Swift--Project.testApp";
				PRODUCT_NAME = "$(TARGET_NAME)";
				SWIFT_VERSION = 3.0;
			};
			name = Debug;
		};
		DF06722B1EE1998C00AD8964 /* Release */ = {
			isa = XCBuildConfiguration;
			baseConfigurationReference = 0E79BAB5CF5DC905E779D34F /* Pods-testApp.release.xcconfig */;
			buildSettings = {
				ASSETCATALOG_COMPILER_APPICON_NAME = AppIcon;
				DEVELOPMENT_TEAM = J4VJ6DKU9Z;
				INFOPLIST_FILE = testApp/Info.plist;
				LD_RUNPATH_SEARCH_PATHS = "$(inherited) @executable_path/Frameworks";
				PRODUCT_BUNDLE_IDENTIFIER = "Swift--Project.testApp";
				PRODUCT_NAME = "$(TARGET_NAME)";
				SWIFT_VERSION = 3.0;
			};
			name = Release;
		};
/* End XCBuildConfiguration section */

/* Begin XCConfigurationList section */
		DF0672121EE1998C00AD8964 /* Build configuration list for PBXProject "testApp" */ = {
			isa = XCConfigurationList;
			buildConfigurations = (
				DF0672271EE1998C00AD8964 /* Debug */,
				DF0672281EE1998C00AD8964 /* Release */,
			);
			defaultConfigurationIsVisible = 0;
			defaultConfigurationName = Release;
		};
		DF0672291EE1998C00AD8964 /* Build configuration list for PBXNativeTarget "testApp" */ = {
			isa = XCConfigurationList;
			buildConfigurations = (
				DF06722A1EE1998C00AD8964 /* Debug */,
				DF06722B1EE1998C00AD8964 /* Release */,
			);
			defaultConfigurationIsVisible = 0;
			defaultConfigurationName = Release;
		};
/* End XCConfigurationList section */
	};
	rootObject = DF06720F1EE1998C00AD8964 /* Project object */;
}
